{
  "name": "npm-proj-1694574717105-0.060839230090778525Agjyh",
  "lockfileVersion": 3,
  "requires": true,
  "packages": {
    "": {
      "dependencies": {
        "@types/jquery": "^3.5.17"
      },
      "devDependencies": {
        "typescript": "^5.0.4"
      }
    },
    "node_modules/@types/jquery": {
      "version": "3.5.17",
      "resolved": "https://registry.npmjs.org/@types/jquery/-/jquery-3.5.17.tgz",
      "integrity": "sha512-U40tNEAGSTZ7R1OC6kGkD7f4TKW5DoVx6jd9kTB9mo5truFMi1m9Yohnw9kl1WpTPvDdj7zAw38LfCHSqnk5kA==",
      "dependencies": {
        "@types/sizzle": "*"
      }
    },
    "node_modules/@types/sizzle": {
      "version": "2.3.3",
      "resolved": "https://registry.npmjs.org/@types/sizzle/-/sizzle-2.3.3.tgz",
      "integrity": "sha512-JYM8x9EGF163bEyhdJBpR2QX1R5naCJHC8ucJylJ3w9/CVBaskdQ8WqBf8MmQrd1kRvp/a4TS8HJ+bxzR7ZJYQ=="
    },
    "node_modules/typescript": {
      "version": "5.0.4",
      "resolved": "https://registry.npmjs.org/typescript/-/typescript-5.0.4.tgz",
      "integrity": "sha512-cW9T5W9xY37cc+jfEnaUvX91foxtHkza3Nw3wkoF4sSlKn0MONdkdEndig/qPBWXNkmplh3NzayQzCiHM4/hqw==",
      "dev": true,
      "bin": {
        "tsc": "bin/tsc",
        "tsserver": "bin/tsserver"
      },
      "engines": {
        "node": ">=12.20"
      }
    }
  }
}
